
Microsoft Visual Studio Solution File, Format Version 12.00
# Visual Studio Version 16
VisualStudioVersion = 16.0.30907.101
MinimumVisualStudioVersion = 10.0.40219.1
Project("{FAE04EC0-301F-11D3-BF4B-00C04F79EFBC}") = "GameMarketDemo", "GameMarketDemo\GameMarketDemo.csproj", "{2F347F99-BAB6-4218-9B4A-80CFD89EBC12}"
EndProject
Global
	GlobalSection(SolutionConfigurationPlatforms) = preSolution
		Debug|Any CPU = Debug|Any CPU
		Release|Any CPU = Release|Any CPU
	EndGlobalSection
	GlobalSection(ProjectConfigurationPlatforms) = postSolution
		{2F347F99-BAB6-4218-9B4A-80CFD89EBC12}.Debug|Any CPU.ActiveCfg = Debug|Any CPU
		{2F347F99-BAB6-4218-9B4A-80CFD89EBC12}.Debug|Any CPU.Build.0 = Debug|Any CPU
		{2F347F99-BAB6-4218-9B4A-80CFD89EBC12}.Release|Any CPU.ActiveCfg = Release|Any CPU
		{2F347F99-BAB6-4218-9B4A-80CFD89EBC12}.Release|Any CPU.Build.0 = Release|Any CPU
	EndGlobalSection
	GlobalSection(SolutionProperties) = preSolution
		HideSolutionNode = FALSE
	EndGlobalSection
	GlobalSection(ExtensibilityGlobals) = postSolution
		SolutionGuid = {750136B2-87EE-4FBB-81E4-2A27D3014921}
	EndGlobalSection
EndGlobal
